
Microsoft Visual Studio Solution File, Format Version 12.00
# Visual Studio 2013
VisualStudioVersion = 12.0.40629.0
MinimumVisualStudioVersion = 10.0.40219.1
Project("{8BC9CEB8-8B4A-11D0-8D11-00A0C91BC942}") = "Hook_ws2_32.dll", "Hook_ws2_32.dll\Hook_ws2_32.dll.vcxproj", "{8C73B271-B8B5-44E4-9451-765EEC380E7B}"
EndProject
Project("{8BC9CEB8-8B4A-11D0-8D11-00A0C91BC942}") = "MyRecv", "MyRecv\MyRecv.vcxproj", "{F22F95DB-071D-40F8-90EF-5EF2A10528D9}"
EndProject
Project("{8BC9CEB8-8B4A-11D0-8D11-00A0C91BC942}") = "MySend", "MySend\MySend.vcxproj", "{76B3C0E7-4D8A-4D27-9332-8689FCE47225}"
EndProject
Project("{8BC9CEB8-8B4A-11D0-8D11-00A0C91BC942}") = "Socket_Recv_Server", "Socket_Recv_Server\Socket_Recv_Server.vcxproj", "{D9421FD6-F3CC-41ED-A102-CB9A77661661}"
EndProject
Project("{8BC9CEB8-8B4A-11D0-8D11-00A0C91BC942}") = "Socket_Send_Client", "Socket_Send_Client\Socket_Send_Client.vcxproj", "{2BCA611E-D9E0-4BF6-BADB-9542D107D913}"
EndProject
Project("{8BC9CEB8-8B4A-11D0-8D11-00A0C91BC942}") = "Remote", "Remote\Remote.vcxproj", "{7597C5F3-7CDD-435E-A841-30949A7EAB93}"
EndProject
Global
	GlobalSection(SolutionConfigurationPlatforms) = preSolution
		Debug|Win32 = Debug|Win32
		Release|Win32 = Release|Win32
	EndGlobalSection
	GlobalSection(ProjectConfigurationPlatforms) = postSolution
		{8C73B271-B8B5-44E4-9451-765EEC380E7B}.Debug|Win32.ActiveCfg = Debug|Win32
		{8C73B271-B8B5-44E4-9451-765EEC380E7B}.Debug|Win32.Build.0 = Debug|Win32
		{8C73B271-B8B5-44E4-9451-765EEC380E7B}.Release|Win32.ActiveCfg = Release|Win32
		{8C73B271-B8B5-44E4-9451-765EEC380E7B}.Release|Win32.Build.0 = Release|Win32
		{F22F95DB-071D-40F8-90EF-5EF2A10528D9}.Debug|Win32.ActiveCfg = Debug|Win32
		{F22F95DB-071D-40F8-90EF-5EF2A10528D9}.Debug|Win32.Build.0 = Debug|Win32
		{F22F95DB-071D-40F8-90EF-5EF2A10528D9}.Release|Win32.ActiveCfg = Release|Win32
		{F22F95DB-071D-40F8-90EF-5EF2A10528D9}.Release|Win32.Build.0 = Release|Win32
		{76B3C0E7-4D8A-4D27-9332-8689FCE47225}.Debug|Win32.ActiveCfg = Debug|Win32
		{76B3C0E7-4D8A-4D27-9332-8689FCE47225}.Debug|Win32.Build.0 = Debug|Win32
		{76B3C0E7-4D8A-4D27-9332-8689FCE47225}.Release|Win32.ActiveCfg = Release|Win32
		{76B3C0E7-4D8A-4D27-9332-8689FCE47225}.Release|Win32.Build.0 = Release|Win32
		{D9421FD6-F3CC-41ED-A102-CB9A77661661}.Debug|Win32.ActiveCfg = Debug|Win32
		{D9421FD6-F3CC-41ED-A102-CB9A77661661}.Debug|Win32.Build.0 = Debug|Win32
		{D9421FD6-F3CC-41ED-A102-CB9A77661661}.Release|Win32.ActiveCfg = Release|Win32
		{D9421FD6-F3CC-41ED-A102-CB9A77661661}.Release|Win32.Build.0 = Release|Win32
		{2BCA611E-D9E0-4BF6-BADB-9542D107D913}.Debug|Win32.ActiveCfg = Debug|Win32
		{2BCA611E-D9E0-4BF6-BADB-9542D107D913}.Debug|Win32.Build.0 = Debug|Win32
		{2BCA611E-D9E0-4BF6-BADB-9542D107D913}.Release|Win32.ActiveCfg = Release|Win32
		{2BCA611E-D9E0-4BF6-BADB-9542D107D913}.Release|Win32.Build.0 = Release|Win32
		{7597C5F3-7CDD-435E-A841-30949A7EAB93}.Debug|Win32.ActiveCfg = Debug|Win32
		{7597C5F3-7CDD-435E-A841-30949A7EAB93}.Debug|Win32.Build.0 = Debug|Win32
		{7597C5F3-7CDD-435E-A841-30949A7EAB93}.Release|Win32.ActiveCfg = Release|Win32
		{7597C5F3-7CDD-435E-A841-30949A7EAB93}.Release|Win32.Build.0 = Release|Win32
	EndGlobalSection
	GlobalSection(SolutionProperties) = preSolution
		HideSolutionNode = FALSE
	EndGlobalSection
EndGlobal
